
Microsoft Visual Studio Solution File, Format Version 12.00
# Visual Studio Version 16
VisualStudioVersion = 16.0.30114.105
MinimumVisualStudioVersion = 10.0.40219.1
Project("{9A19103F-16F7-4668-BE54-9A1E7A4F7556}") = "KeyVault.CertificateRotation", "KeyVault.CertificateRotation\KeyVault.CertificateRotation.csproj", "{14C93696-5F86-4821-9E28-9E18BEC4C9B3}"
EndProject
Global
	GlobalSection(SolutionConfigurationPlatforms) = preSolution
		Debug|Any CPU = Debug|Any CPU
		Release|Any CPU = Release|Any CPU
	EndGlobalSection
	GlobalSection(ProjectConfigurationPlatforms) = postSolution
		{14C93696-5F86-4821-9E28-9E18BEC4C9B3}.Debug|Any CPU.ActiveCfg = Debug|Any CPU
		{14C93696-5F86-4821-9E28-9E18BEC4C9B3}.Debug|Any CPU.Build.0 = Debug|Any CPU
		{14C93696-5F86-4821-9E28-9E18BEC4C9B3}.Release|Any CPU.ActiveCfg = Release|Any CPU
		{14C93696-5F86-4821-9E28-9E18BEC4C9B3}.Release|Any CPU.Build.0 = Release|Any CPU
	EndGlobalSection
	GlobalSection(SolutionProperties) = preSolution
		HideSolutionNode = FALSE
	EndGlobalSection
	GlobalSection(ExtensibilityGlobals) = postSolution
		SolutionGuid = {EA154749-0798-49EA-8BFC-51B1C95943DF}
	EndGlobalSection
EndGlobal
